
Microsoft Visual Studio Solution File, Format Version 12.00
# Visual Studio Version 17
VisualStudioVersion = 17.3.32825.248
MinimumVisualStudioVersion = 10.0.40219.1
Project("{FAE04EC0-301F-11D3-BF4B-00C04F79EFBC}") = "Projekt4", "Projekt4\Projekt4.csproj", "{7F2D530D-C449-4063-8CE3-FADAD5AB4AFD}"
EndProject
Global
	GlobalSection(SolutionConfigurationPlatforms) = preSolution
		Debug|Any CPU = Debug|Any CPU
		Release|Any CPU = Release|Any CPU
	EndGlobalSection
	GlobalSection(ProjectConfigurationPlatforms) = postSolution
		{7F2D530D-C449-4063-8CE3-FADAD5AB4AFD}.Debug|Any CPU.ActiveCfg = Debug|Any CPU
		{7F2D530D-C449-4063-8CE3-FADAD5AB4AFD}.Debug|Any CPU.Build.0 = Debug|Any CPU
		{7F2D530D-C449-4063-8CE3-FADAD5AB4AFD}.Release|Any CPU.ActiveCfg = Release|Any CPU
		{7F2D530D-C449-4063-8CE3-FADAD5AB4AFD}.Release|Any CPU.Build.0 = Release|Any CPU
	EndGlobalSection
	GlobalSection(SolutionProperties) = preSolution
		HideSolutionNode = FALSE
	EndGlobalSection
	GlobalSection(ExtensibilityGlobals) = postSolution
		SolutionGuid = {69BF291E-5997-440C-8DB4-0869BB072083}
	EndGlobalSection
EndGlobal
